// !$*UTF8*$!
{
	archiveVersion = 1;
	classes = {
	};
	objectVersion = 77;
	objects = {

/* Begin PBXBuildFile section */
		F3D516832F567BD90005168B /* Accelerate.framework in Frameworks */ = {isa = PBXBuildFile; fileRef = F3D516822F567BD90005168B /* Accelerate.framework */; };
		F3D516852F567BE70005168B /* VideoToolbox.framework in Frameworks */ = {isa = PBXBuildFile; fileRef = F3D516842F567BE70005168B /* VideoToolbox.framework */; };
		F3D516872F5681E90005168B /* libc++.tbd in Frameworks */ = {isa = PBXBuildFile; fileRef = F3D516862F5681E90005168B /* libc++.tbd */; };
		F3D516892F5681F30005168B /* CoreMedia.framework in Frameworks */ = {isa = PBXBuildFile; fileRef = F3D516882F5681F30005168B /* CoreMedia.framework */; };
		F3D5168B2F5682010005168B /* AudioToolbox.framework in Frameworks */ = {isa = PBXBuildFile; fileRef = F3D5168A2F5682010005168B /* AudioToolbox.framework */; };
		F3D516932F5731680005168B /* HistogramProcessor.swift in Sources */ = {isa = PBXBuildFile; fileRef = F3D516922F5731680005168B /* HistogramProcessor.swift */; };
		F3D516952F5731790005168B /* HistogramView.swift in Sources */ = {isa = PBXBuildFile; fileRef = F3D516942F5731790005168B /* HistogramView.swift */; };
/* End PBXBuildFile section */

/* Begin PBXContainerItemProxy section */
		F375C4202F5663B300A55EE7 /* PBXContainerItemProxy */ = {
			isa = PBXContainerItemProxy;
			containerPortal = F375C4082F5663B200A55EE7 /* Project object */;
			proxyType = 1;
			remoteGlobalIDString = F375C40F2F5663B200A55EE7;
			remoteInfo = "NDI WIRELESS";
		};
		F375C42A2F5663B300A55EE7 /* PBXContainerItemProxy */ = {
			isa = PBXContainerItemProxy;
			containerPortal = F375C4082F5663B200A55EE7 /* Project object */;
			proxyType = 1;
			remoteGlobalIDString = F375C40F2F5663B200A55EE7;
			remoteInfo = "NDI WIRELESS";
		};
/* End PBXContainerItemProxy section */

/* Begin PBXFileReference section */
		F375C4102F5663B200A55EE7 /* NDI WIRELESS.app */ = {isa = PBXFileReference; explicitFileType = wrapper.application; includeInIndex = 0; path = "NDI WIRELESS.app"; sourceTree = BUILT_PRODUCTS_DIR; };
		F375C41F2F5663B300A55EE7 /* NDI WIRELESSTests.xctest */ = {isa = PBXFileReference; explicitFileType = wrapper.cfbundle; includeInIndex = 0; path = "NDI WIRELESSTests.xctest"; sourceTree = BUILT_PRODUCTS_DIR; };
		F375C4292F5663B300A55EE7 /* NDI WIRELESSUITests.xctest */ = {isa = PBXFileReference; explicitFileType = wrapper.cfbundle; includeInIndex = 0; path = "NDI WIRELESSUITests.xctest"; sourceTree = BUILT_PRODUCTS_DIR; };
		F3D5167E2F5675A80005168B /* libndi_ios.a */ = {isa = PBXFileReference; lastKnownFileType = archive.ar; name = libndi_ios.a; path = "../../../../Library/NDI SDK for Apple/lib/iOS/libndi_ios.a"; sourceTree = "<group>"; };
		F3D516822F567BD90005168B /* Accelerate.framework */ = {isa = PBXFileReference; lastKnownFileType = wrapper.framework; name = Accelerate.framework; path = Platforms/iPhoneOS.platform/Developer/SDKs/iPhoneOS26.2.sdk/System/Library/Frameworks/Accelerate.framework; sourceTree = DEVELOPER_DIR; };
		F3D516842F567BE70005168B /* VideoToolbox.framework */ = {isa = PBXFileReference; lastKnownFileType = wrapper.framework; name = VideoToolbox.framework; path = Platforms/iPhoneOS.platform/Developer/SDKs/iPhoneOS26.2.sdk/System/Library/Frameworks/VideoToolbox.framework; sourceTree = DEVELOPER_DIR; };
		F3D516862F5681E90005168B /* libc++.tbd */ = {isa = PBXFileReference; lastKnownFileType = "sourcecode.text-based-dylib-definition"; name = "libc++.tbd"; path = "Platforms/iPhoneOS.platform/Developer/SDKs/iPhoneOS26.2.sdk/usr/lib/libc++.tbd"; sourceTree = DEVELOPER_DIR; };
		F3D516882F5681F30005168B /* CoreMedia.framework */ = {isa = PBXFileReference; lastKnownFileType = wrapper.framework; name = CoreMedia.framework; path = Platforms/iPhoneOS.platform/Developer/SDKs/iPhoneOS26.2.sdk/System/Library/Frameworks/CoreMedia.framework; sourceTree = DEVELOPER_DIR; };
		F3D5168A2F5682010005168B /* AudioToolbox.framework */ = {isa = PBXFileReference; lastKnownFileType = wrapper.framework; name = AudioToolbox.framework; path = Platforms/iPhoneOS.platform/Developer/SDKs/iPhoneOS26.2.sdk/System/Library/Frameworks/AudioToolbox.framework; sourceTree = DEVELOPER_DIR; };
		F3D516922F5731680005168B /* HistogramProcessor.swift */ = {isa = PBXFileReference; lastKnownFileType = sourcecode.swift; path = HistogramProcessor.swift; sourceTree = "<group>"; };
		F3D516942F5731790005168B /* HistogramView.swift */ = {isa = PBXFileReference; lastKnownFileType = sourcecode.swift; path = HistogramView.swift; sourceTree = "<group>"; };
/* End PBXFileReference section */

/* Begin PBXFileSystemSynchronizedRootGroup section */
		F375C4122F5663B200A55EE7 /* NDI WIRELESS */ = {
			isa = PBXFileSystemSynchronizedRootGroup;
			path = "NDI WIRELESS";
			sourceTree = "<group>";
		};
		F375C4222F5663B300A55EE7 /* NDI WIRELESSTests */ = {
			isa = PBXFileSystemSynchronizedRootGroup;
			path = "NDI WIRELESSTests";
			sourceTree = "<group>";
		};
		F375C42C2F5663B300A55EE7 /* NDI WIRELESSUITests */ = {
			isa = PBXFileSystemSynchronizedRootGroup;
			path = "NDI WIRELESSUITests";
			sourceTree = "<group>";
		};
/* End PBXFileSystemSynchronizedRootGroup section */

/* Begin PBXFrameworksBuildPhase section */
		F375C40D2F5663B200A55EE7 /* Frameworks */ = {
			isa = PBXFrameworksBuildPhase;
			buildActionMask = 2147483647;
			files = (
				F3D5168B2F5682010005168B /* AudioToolbox.framework in Frameworks */,
				F3D516892F5681F30005168B /* CoreMedia.framework in Frameworks */,
				F3D516872F5681E90005168B /* libc++.tbd in Frameworks */,
				F3D516852F567BE70005168B /* VideoToolbox.framework in Frameworks */,
				F3D516832F567BD90005168B /* Accelerate.framework in Frameworks */,
			);
			runOnlyForDeploymentPostprocessing = 0;
		};
		F375C41C2F5663B300A55EE7 /* Frameworks */ = {
			isa = PBXFrameworksBuildPhase;
			buildActionMask = 2147483647;
			files = (
			);
			runOnlyForDeploymentPostprocessing = 0;
		};
		F375C4262F5663B300A55EE7 /* Frameworks */ = {
			isa = PBXFrameworksBuildPhase;
			buildActionMask = 2147483647;
			files = (
			);
			runOnlyForDeploymentPostprocessing = 0;
		};
/* End PBXFrameworksBuildPhase section */

/* Begin PBXGroup section */
		F375C4072F5663B200A55EE7 = {
			isa = PBXGroup;
			children = (
				F375C4122F5663B200A55EE7 /* NDI WIRELESS */,
				F375C4222F5663B300A55EE7 /* NDI WIRELESSTests */,
				F375C42C2F5663B300A55EE7 /* NDI WIRELESSUITests */,
				F3D5167D2F5675A80005168B /* Frameworks */,
				F375C4112F5663B200A55EE7 /* Products */,
				F3D516922F5731680005168B /* HistogramProcessor.swift */,
				F3D516942F5731790005168B /* HistogramView.swift */,
			);
			sourceTree = "<group>";
		};
		F375C4112F5663B200A55EE7 /* Products */ = {
			isa = PBXGroup;
			children = (
				F375C4102F5663B200A55EE7 /* NDI WIRELESS.app */,
				F375C41F2F5663B300A55EE7 /* NDI WIRELESSTests.xctest */,
				F375C4292F5663B300A55EE7 /* NDI WIRELESSUITests.xctest */,
			);
			name = Products;
			sourceTree = "<group>";
		};
		F3D5167D2F5675A80005168B /* Frameworks */ = {
			isa = PBXGroup;
			children = (
				F3D5168A2F5682010005168B /* AudioToolbox.framework */,
				F3D516882F5681F30005168B /* CoreMedia.framework */,
				F3D516862F5681E90005168B /* libc++.tbd */,
				F3D516842F567BE70005168B /* VideoToolbox.framework */,
				F3D516822F567BD90005168B /* Accelerate.framework */,
				F3D5167E2F5675A80005168B /* libndi_ios.a */,
			);
			name = Frameworks;
			sourceTree = "<group>";
		};
/* End PBXGroup section */

/* Begin PBXNativeTarget section */
		F375C40F2F5663B200A55EE7 /* NDI WIRELESS */ = {
			isa = PBXNativeTarget;
			buildConfigurationList = F375C4332F5663B300A55EE7 /* Build configuration list for PBXNativeTarget "NDI WIRELESS" */;
			buildPhases = (
				F375C40C2F5663B200A55EE7 /* Sources */,
				F375C40D2F5663B200A55EE7 /* Frameworks */,
				F375C40E2F5663B200A55EE7 /* Resources */,
			);
			buildRules = (
			);
			dependencies = (
			);
			fileSystemSynchronizedGroups = (
				F375C4122F5663B200A55EE7 /* NDI WIRELESS */,
			);
			name = "NDI WIRELESS";
			packageProductDependencies = (
			);
			productName = "NDI WIRELESS";
			productReference = F375C4102F5663B200A55EE7 /* NDI WIRELESS.app */;
			productType = "com.apple.product-type.application";
		};
		F375C41E2F5663B300A55EE7 /* NDI WIRELESSTests */ = {
			isa = PBXNativeTarget;
			buildConfigurationList = F375C4362F5663B300A55EE7 /* Build configuration list for PBXNativeTarget "NDI WIRELESSTests" */;
			buildPhases = (
				F375C41B2F5663B300A55EE7 /* Sources */,
				F375C41C2F5663B300A55EE7 /* Frameworks */,
				F375C41D2F5663B300A55EE7 /* Resources */,
			);
			buildRules = (
			);
			dependencies = (
				F375C4212F5663B300A55EE7 /* PBXTargetDependency */,
			);
			fileSystemSynchronizedGroups = (
				F375C4222F5663B300A55EE7 /* NDI WIRELESSTests */,
			);
			name = "NDI WIRELESSTests";
			packageProductDependencies = (
			);
			productName = "NDI WIRELESSTests";
			productReference = F375C41F2F5663B300A55EE7 /* NDI WIRELESSTests.xctest */;
			productType = "com.apple.product-type.bundle.unit-test";
		};
		F375C4282F5663B300A55EE7 /* NDI WIRELESSUITests */ = {
			isa = PBXNativeTarget;
			buildConfigurationList = F375C4392F5663B300A55EE7 /* Build configuration list for PBXNativeTarget "NDI WIRELESSUITests" */;
			buildPhases = (
				F375C4252F5663B300A55EE7 /* Sources */,
				F375C4262F5663B300A55EE7 /* Frameworks */,
				F375C4272F5663B300A55EE7 /* Resources */,
			);
			buildRules = (
			);
			dependencies = (
				F375C42B2F5663B300A55EE7 /* PBXTargetDependency */,
			);
			fileSystemSynchronizedGroups = (
				F375C42C2F5663B300A55EE7 /* NDI WIRELESSUITests */,
			);
			name = "NDI WIRELESSUITests";
			packageProductDependencies = (
			);
			productName = "NDI WIRELESSUITests";
			productReference = F375C4292F5663B300A55EE7 /* NDI WIRELESSUITests.xctest */;
			productType = "com.apple.product-type.bundle.ui-testing";
		};
/* End PBXNativeTarget section */

/* Begin PBXProject section */
		F375C4082F5663B200A55EE7 /* Project object */ = {
			isa = PBXProject;
			attributes = {
				BuildIndependentTargetsInParallel = 1;
				LastSwiftUpdateCheck = 2630;
				LastUpgradeCheck = 2630;
				TargetAttributes = {
					F375C40F2F5663B200A55EE7 = {
						CreatedOnToolsVersion = 26.3;
					};
					F375C41E2F5663B300A55EE7 = {
						CreatedOnToolsVersion = 26.3;
						TestTargetID = F375C40F2F5663B200A55EE7;
					};
					F375C4282F5663B300A55EE7 = {
						CreatedOnToolsVersion = 26.3;
						TestTargetID = F375C40F2F5663B200A55EE7;
					};
				};
			};
			buildConfigurationList = F375C40B2F5663B200A55EE7 /* Build configuration list for PBXProject "NDI WIRELESS" */;
			developmentRegion = en;
			hasScannedForEncodings = 0;
			knownRegions = (
				en,
				Base,
			);
			mainGroup = F375C4072F5663B200A55EE7;
			minimizedProjectReferenceProxies = 1;
			preferredProjectObjectVersion = 77;
			productRefGroup = F375C4112F5663B200A55EE7 /* Products */;
			projectDirPath = "";
			projectRoot = "";
			targets = (
				F375C40F2F5663B200A55EE7 /* NDI WIRELESS */,
				F375C41E2F5663B300A55EE7 /* NDI WIRELESSTests */,
				F375C4282F5663B300A55EE7 /* NDI WIRELESSUITests */,
			);
		};
/* End PBXProject section */

/* Begin PBXResourcesBuildPhase section */
		F375C40E2F5663B200A55EE7 /* Resources */ = {
			isa = PBXResourcesBuildPhase;
			buildActionMask = 2147483647;
			files = (
			);
			runOnlyForDeploymentPostprocessing = 0;
		};
		F375C41D2F5663B300A55EE7 /* Resources */ = {
			isa = PBXResourcesBuildPhase;
			buildActionMask = 2147483647;
			files = (
			);
			runOnlyForDeploymentPostprocessing = 0;
		};
		F375C4272F5663B300A55EE7 /* Resources */ = {
			isa = PBXResourcesBuildPhase;
			buildActionMask = 2147483647;
			files = (
			);
			runOnlyForDeploymentPostprocessing = 0;
		};
/* End PBXResourcesBuildPhase section */

/* Begin PBXSourcesBuildPhase section */
		F375C40C2F5663B200A55EE7 /* Sources */ = {
			isa = PBXSourcesBuildPhase;
			buildActionMask = 2147483647;
			files = (
				F3D516952F5731790005168B /* HistogramView.swift in Sources */,
				F3D516932F5731680005168B /* HistogramProcessor.swift in Sources */,
			);
			runOnlyForDeploymentPostprocessing = 0;
		};
		F375C41B2F5663B300A55EE7 /* Sources */ = {
			isa = PBXSourcesBuildPhase;
			buildActionMask = 2147483647;
			files = (
			);
			runOnlyForDeploymentPostprocessing = 0;
		};
		F375C4252F5663B300A55EE7 /* Sources */ = {
			isa = PBXSourcesBuildPhase;
			buildActionMask = 2147483647;
			files = (
			);
			runOnlyForDeploymentPostprocessing = 0;
		};
/* End PBXSourcesBuildPhase section */

/* Begin PBXTargetDependency section */
		F375C4212F5663B300A55EE7 /* PBXTargetDependency */ = {
			isa = PBXTargetDependency;
			target = F375C40F2F5663B200A55EE7 /* NDI WIRELESS */;
			targetProxy = F375C4202F5663B300A55EE7 /* PBXContainerItemProxy */;
		};
		F375C42B2F5663B300A55EE7 /* PBXTargetDependency */ = {
			isa = PBXTargetDependency;
			target = F375C40F2F5663B200A55EE7 /* NDI WIRELESS */;
			targetProxy = F375C42A2F5663B300A55EE7 /* PBXContainerItemProxy */;
		};
/* End PBXTargetDependency section */

/* Begin XCBuildConfiguration section */
		F375C4312F5663B300A55EE7 /* Debug */ = {
			isa = XCBuildConfiguration;
			buildSettings = {
				ALWAYS_SEARCH_USER_PATHS = NO;
				ASSETCATALOG_COMPILER_GENERATE_SWIFT_ASSET_SYMBOL_EXTENSIONS = YES;
				CLANG_ANALYZER_NONNULL = YES;
				CLANG_ANALYZER_NUMBER_OBJECT_CONVERSION = YES_AGGRESSIVE;
				CLANG_CXX_LANGUAGE_STANDARD = "gnu++20";
				CLANG_ENABLE_MODULES = YES;
				CLANG_ENABLE_OBJC_ARC = YES;
				CLANG_ENABLE_OBJC_WEAK = YES;
				CLANG_WARN_BLOCK_CAPTURE_AUTORELEASING = YES;
				CLANG_WARN_BOOL_CONVERSION = YES;
				CLANG_WARN_COMMA = YES;
				CLANG_WARN_CONSTANT_CONVERSION = YES;
				CLANG_WARN_DEPRECATED_OBJC_IMPLEMENTATIONS = YES;
				CLANG_WARN_DIRECT_OBJC_ISA_USAGE = YES_ERROR;
				CLANG_WARN_DOCUMENTATION_COMMENTS = YES;
				CLANG_WARN_EMPTY_BODY = YES;
				CLANG_WARN_ENUM_CONVERSION = YES;
				CLANG_WARN_INFINITE_RECURSION = YES;
				CLANG_WARN_INT_CONVERSION = YES;
				CLANG_WARN_NON_LITERAL_NULL_CONVERSION = YES;
				CLANG_WARN_OBJC_IMPLICIT_RETAIN_SELF = YES;
				CLANG_WARN_OBJC_LITERAL_CONVERSION = YES;
				CLANG_WARN_OBJC_ROOT_CLASS = YES_ERROR;
				CLANG_WARN_QUOTED_INCLUDE_IN_FRAMEWORK_HEADER = YES;
				CLANG_WARN_RANGE_LOOP_ANALYSIS = YES;
				CLANG_WARN_STRICT_PROTOTYPES = YES;
				CLANG_WARN_SUSPICIOUS_MOVE = YES;
				CLANG_WARN_UNGUARDED_AVAILABILITY = YES_AGGRESSIVE;
				CLANG_WARN_UNREACHABLE_CODE = YES;
				CLANG_WARN__DUPLICATE_METHOD_MATCH = YES;
				COPY_PHASE_STRIP = NO;
				DEBUG_INFORMATION_FORMAT = dwarf;
				ENABLE_STRICT_OBJC_MSGSEND = YES;
				ENABLE_TESTABILITY = YES;
				ENABLE_USER_SCRIPT_SANDBOXING = YES;
				GCC_C_LANGUAGE_STANDARD = gnu17;
				GCC_DYNAMIC_NO_PIC = NO;
				GCC_NO_COMMON_BLOCKS = YES;
				GCC_OPTIMIZATION_LEVEL = 0;
				GCC_PREPROCESSOR_DEFINITIONS = (
					"DEBUG=1",
					"$(inherited)",
				);
				GCC_WARN_64_TO_32_BIT_CONVERSION = YES;
				GCC_WARN_ABOUT_RETURN_TYPE = YES_ERROR;
				GCC_WARN_UNDECLARED_SELECTOR = YES;
				GCC_WARN_UNINITIALIZED_AUTOS = YES_AGGRESSIVE;
				GCC_WARN_UNUSED_FUNCTION = YES;
				GCC_WARN_UNUSED_VARIABLE = YES;
				LOCALIZATION_PREFERS_STRING_CATALOGS = YES;
				MTL_ENABLE_DEBUG_INFO = INCLUDE_SOURCE;
				MTL_FAST_MATH = YES;
				ONLY_ACTIVE_ARCH = YES;
				SWIFT_ACTIVE_COMPILATION_CONDITIONS = "DEBUG $(inherited)";
				SWIFT_OPTIMIZATION_LEVEL = "-Onone";
			};
			name = Debug;
		};
		F375C4322F5663B300A55EE7 /* Release */ = {
			isa = XCBuildConfiguration;
			buildSettings = {
				ALWAYS_SEARCH_USER_PATHS = NO;
				ASSETCATALOG_COMPILER_GENERATE_SWIFT_ASSET_SYMBOL_EXTENSIONS = YES;
				CLANG_ANALYZER_NONNULL = YES;
				CLANG_ANALYZER_NUMBER_OBJECT_CONVERSION = YES_AGGRESSIVE;
				CLANG_CXX_LANGUAGE_STANDARD = "gnu++20";
				CLANG_ENABLE_MODULES = YES;
				CLANG_ENABLE_OBJC_ARC = YES;
				CLANG_ENABLE_OBJC_WEAK = YES;
				CLANG_WARN_BLOCK_CAPTURE_AUTORELEASING = YES;
				CLANG_WARN_BOOL_CONVERSION = YES;
				CLANG_WARN_COMMA = YES;
				CLANG_WARN_CONSTANT_CONVERSION = YES;
				CLANG_WARN_DEPRECATED_OBJC_IMPLEMENTATIONS = YES;
				CLANG_WARN_DIRECT_OBJC_ISA_USAGE = YES_ERROR;
				CLANG_WARN_DOCUMENTATION_COMMENTS = YES;
				CLANG_WARN_EMPTY_BODY = YES;
				CLANG_WARN_ENUM_CONVERSION = YES;
				CLANG_WARN_INFINITE_RECURSION = YES;
				CLANG_WARN_INT_CONVERSION = YES;
				CLANG_WARN_NON_LITERAL_NULL_CONVERSION = YES;
				CLANG_WARN_OBJC_IMPLICIT_RETAIN_SELF = YES;
				CLANG_WARN_OBJC_LITERAL_CONVERSION = YES;
				CLANG_WARN_OBJC_ROOT_CLASS = YES_ERROR;
				CLANG_WARN_QUOTED_INCLUDE_IN_FRAMEWORK_HEADER = YES;
				CLANG_WARN_RANGE_LOOP_ANALYSIS = YES;
				CLANG_WARN_STRICT_PROTOTYPES = YES;
				CLANG_WARN_SUSPICIOUS_MOVE = YES;
				CLANG_WARN_UNGUARDED_AVAILABILITY = YES_AGGRESSIVE;
				CLANG_WARN_UNREACHABLE_CODE = YES;
				CLANG_WARN__DUPLICATE_METHOD_MATCH = YES;
				COPY_PHASE_STRIP = NO;
				DEBUG_INFORMATION_FORMAT = "dwarf-with-dsym";
				ENABLE_NS_ASSERTIONS = NO;
				ENABLE_STRICT_OBJC_MSGSEND = YES;
				ENABLE_USER_SCRIPT_SANDBOXING = YES;
				GCC_C_LANGUAGE_STANDARD = gnu17;
				GCC_NO_COMMON_BLOCKS = YES;
				GCC_WARN_64_TO_32_BIT_CONVERSION = YES;
				GCC_WARN_ABOUT_RETURN_TYPE = YES_ERROR;
				GCC_WARN_UNDECLARED_SELECTOR = YES;
				GCC_WARN_UNINITIALIZED_AUTOS = YES_AGGRESSIVE;
				GCC_WARN_UNUSED_FUNCTION = YES;
				GCC_WARN_UNUSED_VARIABLE = YES;
				LOCALIZATION_PREFERS_STRING_CATALOGS = YES;
				MTL_ENABLE_DEBUG_INFO = NO;
				MTL_FAST_MATH = YES;
				SWIFT_COMPILATION_MODE = wholemodule;
			};
			name = Release;
		};
		F375C4342F5663B300A55EE7 /* Debug */ = {
			isa = XCBuildConfiguration;
			buildSettings = {
				ASSETCATALOG_COMPILER_APPICON_NAME = AppIcon;
				ASSETCATALOG_COMPILER_GLOBAL_ACCENT_COLOR_NAME = AccentColor;
				CODE_SIGN_STYLE = Automatic;
				CURRENT_PROJECT_VERSION = 1;
				DEVELOPMENT_TEAM = X7AS44KHR4;
				ENABLE_APP_SANDBOX = YES;
				ENABLE_PREVIEWS = YES;
				ENABLE_USER_SELECTED_FILES = readonly;
				GENERATE_INFOPLIST_FILE = YES;
				HEADER_SEARCH_PATHS = "\"/Library/NDI SDK for Apple/include\"";
				INFOPLIST_FILE = "NDI-WIRELESS-Info.plist";
				INFOPLIST_KEY_CFBundleDisplayName = "TLS Viewer";
				INFOPLIST_KEY_LSApplicationCategoryType = "public.app-category.video";
				INFOPLIST_KEY_NSLocalNetworkUsageDescription = "NDI WIRELESS needs local network access to discover NDI sources.";
				"INFOPLIST_KEY_UIApplicationSceneManifest_Generation[sdk=iphoneos*]" = YES;
				"INFOPLIST_KEY_UIApplicationSceneManifest_Generation[sdk=iphonesimulator*]" = YES;
				"INFOPLIST_KEY_UIApplicationSupportsIndirectInputEvents[sdk=iphoneos*]" = YES;
				"INFOPLIST_KEY_UIApplicationSupportsIndirectInputEvents[sdk=iphonesimulator*]" = YES;
				"INFOPLIST_KEY_UILaunchScreen_Generation[sdk=iphoneos*]" = YES;
				"INFOPLIST_KEY_UILaunchScreen_Generation[sdk=iphonesimulator*]" = YES;
				"INFOPLIST_KEY_UIStatusBarStyle[sdk=iphoneos*]" = UIStatusBarStyleDefault;
				"INFOPLIST_KEY_UIStatusBarStyle[sdk=iphonesimulator*]" = UIStatusBarStyleDefault;
				INFOPLIST_KEY_UISupportedInterfaceOrientations_iPad = "UIInterfaceOrientationPortrait UIInterfaceOrientationPortraitUpsideDown UIInterfaceOrientationLandscapeLeft UIInterfaceOrientationLandscapeRight";
				INFOPLIST_KEY_UISupportedInterfaceOrientations_iPhone = "UIInterfaceOrientationPortrait UIInterfaceOrientationLandscapeLeft UIInterfaceOrientationLandscapeRight";
				IPHONEOS_DEPLOYMENT_TARGET = 26.2;
				LD_RUNPATH_SEARCH_PATHS = "@executable_path/Frameworks";
				"LD_RUNPATH_SEARCH_PATHS[sdk=macosx*]" = "@executable_path/../Frameworks";
				LIBRARY_SEARCH_PATHS = (
					"$(inherited)",
					"\"/Library/NDI SDK for Apple/lib/iOS\"",
					"\"$(LOCAL_LIBRARY_DIR)/NDI\\ SDK\\ for\\ Apple/include\"",
				);
				MACOSX_DEPLOYMENT_TARGET = 26.2;
				MARKETING_VERSION = 1.0;
				OTHER_LDFLAGS = "$(inherited)";
				"OTHER_LDFLAGS[sdk=iphoneos*]" = "\"/Library/NDI SDK for Apple/lib/iOS/libndi_ios.a\"";
				PRODUCT_BUNDLE_IDENTIFIER = "TechLabStudio.NDI-WIRELESS";
				PRODUCT_NAME = "$(TARGET_NAME)";
				REGISTER_APP_GROUPS = YES;
				SDKROOT = auto;
				STRING_CATALOG_GENERATE_SYMBOLS = YES;
				SUPPORTED_PLATFORMS = "iphoneos iphonesimulator macosx xros xrsimulator";
				SWIFT_ACTIVE_COMPILATION_CONDITIONS = "$(inherited)";
				"SWIFT_ACTIVE_COMPILATION_CONDITIONS[sdk=iphoneos*]" = "$(inherited) NDI_ENABLED";
				SWIFT_APPROACHABLE_CONCURRENCY = YES;
				SWIFT_DEFAULT_ACTOR_ISOLATION = MainActor;
				SWIFT_EMIT_LOC_STRINGS = YES;
				SWIFT_OBJC_BRIDGING_HEADER = "NDI WIRELESS/NDI-WIRELESS-Bridging-Header.h";
				SWIFT_UPCOMING_FEATURE_MEMBER_IMPORT_VISIBILITY = YES;
				SWIFT_VERSION = 5.0;
				TARGETED_DEVICE_FAMILY = "1,2,7";
				XROS_DEPLOYMENT_TARGET = 26.2;
			};
			name = Debug;
		};
		F375C4352F5663B300A55EE7 /* Release */ = {
			isa = XCBuildConfiguration;
			buildSettings = {
				ASSETCATALOG_COMPILER_APPICON_NAME = AppIcon;
				ASSETCATALOG_COMPILER_GLOBAL_ACCENT_COLOR_NAME = AccentColor;
				CODE_SIGN_STYLE = Automatic;
				CURRENT_PROJECT_VERSION = 1;
				DEVELOPMENT_TEAM = X7AS44KHR4;
				ENABLE_APP_SANDBOX = YES;
				ENABLE_PREVIEWS = YES;
				ENABLE_USER_SELECTED_FILES = readonly;
				GENERATE_INFOPLIST_FILE = YES;
				HEADER_SEARCH_PATHS = "\"/Library/NDI SDK for Apple/include\"";
				INFOPLIST_FILE = "NDI-WIRELESS-Info.plist";
				INFOPLIST_KEY_CFBundleDisplayName = "TLS Viewer";
				INFOPLIST_KEY_LSApplicationCategoryType = "public.app-category.video";
				INFOPLIST_KEY_NSLocalNetworkUsageDescription = "NDI WIRELESS needs local network access to discover NDI sources.";
				"INFOPLIST_KEY_UIApplicationSceneManifest_Generation[sdk=iphoneos*]" = YES;
				"INFOPLIST_KEY_UIApplicationSceneManifest_Generation[sdk=iphonesimulator*]" = YES;
				"INFOPLIST_KEY_UIApplicationSupportsIndirectInputEvents[sdk=iphoneos*]" = YES;
				"INFOPLIST_KEY_UIApplicationSupportsIndirectInputEvents[sdk=iphonesimulator*]" = YES;
				"INFOPLIST_KEY_UILaunchScreen_Generation[sdk=iphoneos*]" = YES;
				"INFOPLIST_KEY_UILaunchScreen_Generation[sdk=iphonesimulator*]" = YES;
				"INFOPLIST_KEY_UIStatusBarStyle[sdk=iphoneos*]" = UIStatusBarStyleDefault;
				"INFOPLIST_KEY_UIStatusBarStyle[sdk=iphonesimulator*]" = UIStatusBarStyleDefault;
				INFOPLIST_KEY_UISupportedInterfaceOrientations_iPad = "UIInterfaceOrientationPortrait UIInterfaceOrientationPortraitUpsideDown UIInterfaceOrientationLandscapeLeft UIInterfaceOrientationLandscapeRight";
				INFOPLIST_KEY_UISupportedInterfaceOrientations_iPhone = "UIInterfaceOrientationPortrait UIInterfaceOrientationLandscapeLeft UIInterfaceOrientationLandscapeRight";
				IPHONEOS_DEPLOYMENT_TARGET = 26.2;
				LD_RUNPATH_SEARCH_PATHS = "@executable_path/Frameworks";
				"LD_RUNPATH_SEARCH_PATHS[sdk=macosx*]" = "@executable_path/../Frameworks";
				LIBRARY_SEARCH_PATHS = (
					"$(inherited)",
					"\"/Library/NDI SDK for Apple/lib/iOS\"",
					"\"$(LOCAL_LIBRARY_DIR)/NDI\\ SDK\\ for\\ Apple/include\"",
				);
				MACOSX_DEPLOYMENT_TARGET = 26.2;
				MARKETING_VERSION = 1.0;
				OTHER_LDFLAGS = "$(inherited)";
				"OTHER_LDFLAGS[sdk=iphoneos*]" = "\"/Library/NDI SDK for Apple/lib/iOS/libndi_ios.a\"";
				PRODUCT_BUNDLE_IDENTIFIER = "TechLabStudio.NDI-WIRELESS";
				PRODUCT_NAME = "$(TARGET_NAME)";
				REGISTER_APP_GROUPS = YES;
				SDKROOT = auto;
				STRING_CATALOG_GENERATE_SYMBOLS = YES;
				SUPPORTED_PLATFORMS = "iphoneos iphonesimulator macosx xros xrsimulator";
				SWIFT_ACTIVE_COMPILATION_CONDITIONS = "$(inherited)";
				"SWIFT_ACTIVE_COMPILATION_CONDITIONS[sdk=iphoneos*]" = "$(inherited) NDI_ENABLED";
				SWIFT_APPROACHABLE_CONCURRENCY = YES;
				SWIFT_DEFAULT_ACTOR_ISOLATION = MainActor;
				SWIFT_EMIT_LOC_STRINGS = YES;
				SWIFT_OBJC_BRIDGING_HEADER = "NDI WIRELESS/NDI-WIRELESS-Bridging-Header.h";
				SWIFT_UPCOMING_FEATURE_MEMBER_IMPORT_VISIBILITY = YES;
				SWIFT_VERSION = 5.0;
				TARGETED_DEVICE_FAMILY = "1,2,7";
				XROS_DEPLOYMENT_TARGET = 26.2;
			};
			name = Release;
		};
		F375C4372F5663B300A55EE7 /* Debug */ = {
			isa = XCBuildConfiguration;
			buildSettings = {
				BUNDLE_LOADER = "$(TEST_HOST)";
				CODE_SIGN_STYLE = Automatic;
				CURRENT_PROJECT_VERSION = 1;
				GENERATE_INFOPLIST_FILE = YES;
				IPHONEOS_DEPLOYMENT_TARGET = 26.2;
				MACOSX_DEPLOYMENT_TARGET = 26.2;
				MARKETING_VERSION = 1.0;
				PRODUCT_BUNDLE_IDENTIFIER = "TechLabStudio.NDI-WIRELESSTests";
				PRODUCT_NAME = "$(TARGET_NAME)";
				SDKROOT = auto;
				STRING_CATALOG_GENERATE_SYMBOLS = NO;
				SUPPORTED_PLATFORMS = "iphoneos iphonesimulator macosx xros xrsimulator";
				SWIFT_APPROACHABLE_CONCURRENCY = YES;
				SWIFT_EMIT_LOC_STRINGS = NO;
				SWIFT_UPCOMING_FEATURE_MEMBER_IMPORT_VISIBILITY = YES;
				SWIFT_VERSION = 5.0;
				TARGETED_DEVICE_FAMILY = "1,2,7";
				TEST_HOST = "$(BUILT_PRODUCTS_DIR)/NDI WIRELESS.app/$(BUNDLE_EXECUTABLE_FOLDER_PATH)/NDI WIRELESS";
				XROS_DEPLOYMENT_TARGET = 26.2;
			};
			name = Debug;
		};
		F375C4382F5663B300A55EE7 /* Release */ = {
			isa = XCBuildConfiguration;
			buildSettings = {
				BUNDLE_LOADER = "$(TEST_HOST)";
				CODE_SIGN_STYLE = Automatic;
				CURRENT_PROJECT_VERSION = 1;
				GENERATE_INFOPLIST_FILE = YES;
				IPHONEOS_DEPLOYMENT_TARGET = 26.2;
				MACOSX_DEPLOYMENT_TARGET = 26.2;
				MARKETING_VERSION = 1.0;
				PRODUCT_BUNDLE_IDENTIFIER = "TechLabStudio.NDI-WIRELESSTests";
				PRODUCT_NAME = "$(TARGET_NAME)";
				SDKROOT = auto;
				STRING_CATALOG_GENERATE_SYMBOLS = NO;
				SUPPORTED_PLATFORMS = "iphoneos iphonesimulator macosx xros xrsimulator";
				SWIFT_APPROACHABLE_CONCURRENCY = YES;
				SWIFT_EMIT_LOC_STRINGS = NO;
				SWIFT_UPCOMING_FEATURE_MEMBER_IMPORT_VISIBILITY = YES;
				SWIFT_VERSION = 5.0;
				TARGETED_DEVICE_FAMILY = "1,2,7";
				TEST_HOST = "$(BUILT_PRODUCTS_DIR)/NDI WIRELESS.app/$(BUNDLE_EXECUTABLE_FOLDER_PATH)/NDI WIRELESS";
				XROS_DEPLOYMENT_TARGET = 26.2;
			};
			name = Release;
		};
		F375C43A2F5663B300A55EE7 /* Debug */ = {
			isa = XCBuildConfiguration;
			buildSettings = {
				CODE_SIGN_STYLE = Automatic;
				CURRENT_PROJECT_VERSION = 1;
				GENERATE_INFOPLIST_FILE = YES;
				IPHONEOS_DEPLOYMENT_TARGET = 26.2;
				MACOSX_DEPLOYMENT_TARGET = 26.2;
				MARKETING_VERSION = 1.0;
				PRODUCT_BUNDLE_IDENTIFIER = "TechLabStudio.NDI-WIRELESSUITests";
				PRODUCT_NAME = "$(TARGET_NAME)";
				SDKROOT = auto;
				STRING_CATALOG_GENERATE_SYMBOLS = NO;
				SUPPORTED_PLATFORMS = "iphoneos iphonesimulator macosx xros xrsimulator";
				SWIFT_APPROACHABLE_CONCURRENCY = YES;
				SWIFT_EMIT_LOC_STRINGS = NO;
				SWIFT_UPCOMING_FEATURE_MEMBER_IMPORT_VISIBILITY = YES;
				SWIFT_VERSION = 5.0;
				TARGETED_DEVICE_FAMILY = "1,2,7";
				TEST_TARGET_NAME = "NDI WIRELESS";
				XROS_DEPLOYMENT_TARGET = 26.2;
			};
			name = Debug;
		};
		F375C43B2F5663B300A55EE7 /* Release */ = {
			isa = XCBuildConfiguration;
			buildSettings = {
				CODE_SIGN_STYLE = Automatic;
				CURRENT_PROJECT_VERSION = 1;
				GENERATE_INFOPLIST_FILE = YES;
				IPHONEOS_DEPLOYMENT_TARGET = 26.2;
				MACOSX_DEPLOYMENT_TARGET = 26.2;
				MARKETING_VERSION = 1.0;
				PRODUCT_BUNDLE_IDENTIFIER = "TechLabStudio.NDI-WIRELESSUITests";
				PRODUCT_NAME = "$(TARGET_NAME)";
				SDKROOT = auto;
				STRING_CATALOG_GENERATE_SYMBOLS = NO;
				SUPPORTED_PLATFORMS = "iphoneos iphonesimulator macosx xros xrsimulator";
				SWIFT_APPROACHABLE_CONCURRENCY = YES;
				SWIFT_EMIT_LOC_STRINGS = NO;
				SWIFT_UPCOMING_FEATURE_MEMBER_IMPORT_VISIBILITY = YES;
				SWIFT_VERSION = 5.0;
				TARGETED_DEVICE_FAMILY = "1,2,7";
				TEST_TARGET_NAME = "NDI WIRELESS";
				XROS_DEPLOYMENT_TARGET = 26.2;
			};
			name = Release;
		};
/* End XCBuildConfiguration section */

/* Begin XCConfigurationList section */
		F375C40B2F5663B200A55EE7 /* Build configuration list for PBXProject "NDI WIRELESS" */ = {
			isa = XCConfigurationList;
			buildConfigurations = (
				F375C4312F5663B300A55EE7 /* Debug */,
				F375C4322F5663B300A55EE7 /* Release */,
			);
			defaultConfigurationIsVisible = 0;
			defaultConfigurationName = Release;
		};
		F375C4332F5663B300A55EE7 /* Build configuration list for PBXNativeTarget "NDI WIRELESS" */ = {
			isa = XCConfigurationList;
			buildConfigurations = (
				F375C4342F5663B300A55EE7 /* Debug */,
				F375C4352F5663B300A55EE7 /* Release */,
			);
			defaultConfigurationIsVisible = 0;
			defaultConfigurationName = Release;
		};
		F375C4362F5663B300A55EE7 /* Build configuration list for PBXNativeTarget "NDI WIRELESSTests" */ = {
			isa = XCConfigurationList;
			buildConfigurations = (
				F375C4372F5663B300A55EE7 /* Debug */,
				F375C4382F5663B300A55EE7 /* Release */,
			);
			defaultConfigurationIsVisible = 0;
			defaultConfigurationName = Release;
		};
		F375C4392F5663B300A55EE7 /* Build configuration list for PBXNativeTarget "NDI WIRELESSUITests" */ = {
			isa = XCConfigurationList;
			buildConfigurations = (
				F375C43A2F5663B300A55EE7 /* Debug */,
				F375C43B2F5663B300A55EE7 /* Release */,
			);
			defaultConfigurationIsVisible = 0;
			defaultConfigurationName = Release;
		};
/* End XCConfigurationList section */
	};
	rootObject = F375C4082F5663B200A55EE7 /* Project object */;
}
